// !$*UTF8*$!
{
	archiveVersion = 1;
	classes = {
	};
	objectVersion = 55;
	objects = {

/* Begin PBXBuildFile section */
		7B59DF7427BB365A0007789B /* AppDelegate.swift in Sources */ = {isa = PBXBuildFile; fileRef = 7B59DF7327BB365A0007789B /* AppDelegate.swift */; };
		7B59DF7627BB365A0007789B /* SceneDelegate.swift in Sources */ = {isa = PBXBuildFile; fileRef = 7B59DF7527BB365A0007789B /* SceneDelegate.swift */; };
		7B59DF7827BB365A0007789B /* ViewController.swift in Sources */ = {isa = PBXBuildFile; fileRef = 7B59DF7727BB365A0007789B /* ViewController.swift */; };
		7B59DF7B27BB365A0007789B /* Main.storyboard in Resources */ = {isa = PBXBuildFile; fileRef = 7B59DF7927BB365A0007789B /* Main.storyboard */; };
		7B59DF7E27BB365A0007789B /* Danamon_App.xcdatamodeld in Sources */ = {isa = PBXBuildFile; fileRef = 7B59DF7C27BB365A0007789B /* Danamon_App.xcdatamodeld */; };
		7B59DF8027BB365C0007789B /* Assets.xcassets in Resources */ = {isa = PBXBuildFile; fileRef = 7B59DF7F27BB365C0007789B /* Assets.xcassets */; };
		7B59DF8327BB365C0007789B /* LaunchScreen.storyboard in Resources */ = {isa = PBXBuildFile; fileRef = 7B59DF8127BB365C0007789B /* LaunchScreen.storyboard */; };
		7B59DF8E27BB365C0007789B /* Danamon_AppTests.swift in Sources */ = {isa = PBXBuildFile; fileRef = 7B59DF8D27BB365C0007789B /* Danamon_AppTests.swift */; };
		7B59DF9827BB365C0007789B /* Danamon_AppUITests.swift in Sources */ = {isa = PBXBuildFile; fileRef = 7B59DF9727BB365C0007789B /* Danamon_AppUITests.swift */; };
		7B59DF9A27BB365C0007789B /* Danamon_AppUITestsLaunchTests.swift in Sources */ = {isa = PBXBuildFile; fileRef = 7B59DF9927BB365C0007789B /* Danamon_AppUITestsLaunchTests.swift */; };
		7B59DFA727BB37280007789B /* LoginViewController.swift in Sources */ = {isa = PBXBuildFile; fileRef = 7B59DFA627BB37280007789B /* LoginViewController.swift */; };
		7B59DFA927BB387C0007789B /* RegisterViewController.swift in Sources */ = {isa = PBXBuildFile; fileRef = 7B59DFA827BB387C0007789B /* RegisterViewController.swift */; };
		7B59DFAD27BB398F0007789B /* RegisterViewModel.swift in Sources */ = {isa = PBXBuildFile; fileRef = 7B59DFAC27BB398F0007789B /* RegisterViewModel.swift */; };
		7B59DFAF27BB3F2B0007789B /* LoginViewModel.swift in Sources */ = {isa = PBXBuildFile; fileRef = 7B59DFAE27BB3F2B0007789B /* LoginViewModel.swift */; };
		7B59DFB227BB3F950007789B /* Alamofire in Frameworks */ = {isa = PBXBuildFile; productRef = 7B59DFB127BB3F950007789B /* Alamofire */; };
		7B59DFB427BB41F00007789B /* HomeTableViewController.swift in Sources */ = {isa = PBXBuildFile; fileRef = 7B59DFB327BB41F00007789B /* HomeTableViewController.swift */; };
		7B59DFB627BB42C00007789B /* HomeTableViewCell.swift in Sources */ = {isa = PBXBuildFile; fileRef = 7B59DFB527BB42C00007789B /* HomeTableViewCell.swift */; };
		7B59DFB827BB435D0007789B /* Photo.swift in Sources */ = {isa = PBXBuildFile; fileRef = 7B59DFB727BB435D0007789B /* Photo.swift */; };
		7B59DFBA27BB43690007789B /* HomeViewModel.swift in Sources */ = {isa = PBXBuildFile; fileRef = 7B59DFB927BB43690007789B /* HomeViewModel.swift */; };
		7B59DFBC27BB437C0007789B /* Box.swift in Sources */ = {isa = PBXBuildFile; fileRef = 7B59DFBB27BB437C0007789B /* Box.swift */; };
		7B59DFC427BB61BB0007789B /* User+CoreDataClass.swift in Sources */ = {isa = PBXBuildFile; fileRef = 7B59DFC227BB61BB0007789B /* User+CoreDataClass.swift */; };
		7B59DFC527BB61BB0007789B /* User+CoreDataProperties.swift in Sources */ = {isa = PBXBuildFile; fileRef = 7B59DFC327BB61BB0007789B /* User+CoreDataProperties.swift */; };
/* End PBXBuildFile section */

/* Begin PBXContainerItemProxy section */
		7B59DF8A27BB365C0007789B /* PBXContainerItemProxy */ = {
			isa = PBXContainerItemProxy;
			containerPortal = 7B59DF6827BB365A0007789B /* Project object */;
			proxyType = 1;
			remoteGlobalIDString = 7B59DF6F27BB365A0007789B;
			remoteInfo = "Danamon-App";
		};
		7B59DF9427BB365C0007789B /* PBXContainerItemProxy */ = {
			isa = PBXContainerItemProxy;
			containerPortal = 7B59DF6827BB365A0007789B /* Project object */;
			proxyType = 1;
			remoteGlobalIDString = 7B59DF6F27BB365A0007789B;
			remoteInfo = "Danamon-App";
		};
/* End PBXContainerItemProxy section */

/* Begin PBXFileReference section */
		7B59DF7027BB365A0007789B /* Danamon-App.app */ = {isa = PBXFileReference; explicitFileType = wrapper.application; includeInIndex = 0; path = "Danamon-App.app"; sourceTree = BUILT_PRODUCTS_DIR; };
		7B59DF7327BB365A0007789B /* AppDelegate.swift */ = {isa = PBXFileReference; lastKnownFileType = sourcecode.swift; path = AppDelegate.swift; sourceTree = "<group>"; };
		7B59DF7527BB365A0007789B /* SceneDelegate.swift */ = {isa = PBXFileReference; lastKnownFileType = sourcecode.swift; path = SceneDelegate.swift; sourceTree = "<group>"; };
		7B59DF7727BB365A0007789B /* ViewController.swift */ = {isa = PBXFileReference; lastKnownFileType = sourcecode.swift; path = ViewController.swift; sourceTree = "<group>"; };
		7B59DF7A27BB365A0007789B /* Base */ = {isa = PBXFileReference; lastKnownFileType = file.storyboard; name = Base; path = Base.lproj/Main.storyboard; sourceTree = "<group>"; };
		7B59DF7D27BB365A0007789B /* Danamon_App.xcdatamodel */ = {isa = PBXFileReference; lastKnownFileType = wrapper.xcdatamodel; path = Danamon_App.xcdatamodel; sourceTree = "<group>"; };
		7B59DF7F27BB365C0007789B /* Assets.xcassets */ = {isa = PBXFileReference; lastKnownFileType = folder.assetcatalog; path = Assets.xcassets; sourceTree = "<group>"; };
		7B59DF8227BB365C0007789B /* Base */ = {isa = PBXFileReference; lastKnownFileType = file.storyboard; name = Base; path = Base.lproj/LaunchScreen.storyboard; sourceTree = "<group>"; };
		7B59DF8427BB365C0007789B /* Info.plist */ = {isa = PBXFileReference; lastKnownFileType = text.plist.xml; path = Info.plist; sourceTree = "<group>"; };
		7B59DF8927BB365C0007789B /* Danamon-AppTests.xctest */ = {isa = PBXFileReference; explicitFileType = wrapper.cfbundle; includeInIndex = 0; path = "Danamon-AppTests.xctest"; sourceTree = BUILT_PRODUCTS_DIR; };
		7B59DF8D27BB365C0007789B /* Danamon_AppTests.swift */ = {isa = PBXFileReference; lastKnownFileType = sourcecode.swift; path = Danamon_AppTests.swift; sourceTree = "<group>"; };
		7B59DF9327BB365C0007789B /* Danamon-AppUITests.xctest */ = {isa = PBXFileReference; explicitFileType = wrapper.cfbundle; includeInIndex = 0; path = "Danamon-AppUITests.xctest"; sourceTree = BUILT_PRODUCTS_DIR; };
		7B59DF9727BB365C0007789B /* Danamon_AppUITests.swift */ = {isa = PBXFileReference; lastKnownFileType = sourcecode.swift; path = Danamon_AppUITests.swift; sourceTree = "<group>"; };
		7B59DF9927BB365C0007789B /* Danamon_AppUITestsLaunchTests.swift */ = {isa = PBXFileReference; lastKnownFileType = sourcecode.swift; path = Danamon_AppUITestsLaunchTests.swift; sourceTree = "<group>"; };
		7B59DFA627BB37280007789B /* LoginViewController.swift */ = {isa = PBXFileReference; lastKnownFileType = sourcecode.swift; path = LoginViewController.swift; sourceTree = "<group>"; };
		7B59DFA827BB387C0007789B /* RegisterViewController.swift */ = {isa = PBXFileReference; lastKnownFileType = sourcecode.swift; path = RegisterViewController.swift; sourceTree = "<group>"; };
		7B59DFAC27BB398F0007789B /* RegisterViewModel.swift */ = {isa = PBXFileReference; lastKnownFileType = sourcecode.swift; path = RegisterViewModel.swift; sourceTree = "<group>"; };
		7B59DFAE27BB3F2B0007789B /* LoginViewModel.swift */ = {isa = PBXFileReference; lastKnownFileType = sourcecode.swift; path = LoginViewModel.swift; sourceTree = "<group>"; };
		7B59DFB327BB41F00007789B /* HomeTableViewController.swift */ = {isa = PBXFileReference; lastKnownFileType = sourcecode.swift; path = HomeTableViewController.swift; sourceTree = "<group>"; };
		7B59DFB527BB42C00007789B /* HomeTableViewCell.swift */ = {isa = PBXFileReference; lastKnownFileType = sourcecode.swift; path = HomeTableViewCell.swift; sourceTree = "<group>"; };
		7B59DFB727BB435D0007789B /* Photo.swift */ = {isa = PBXFileReference; lastKnownFileType = sourcecode.swift; path = Photo.swift; sourceTree = "<group>"; };
		7B59DFB927BB43690007789B /* HomeViewModel.swift */ = {isa = PBXFileReference; lastKnownFileType = sourcecode.swift; path = HomeViewModel.swift; sourceTree = "<group>"; };
		7B59DFBB27BB437C0007789B /* Box.swift */ = {isa = PBXFileReference; lastKnownFileType = sourcecode.swift; path = Box.swift; sourceTree = "<group>"; };
		7B59DFC227BB61BB0007789B /* User+CoreDataClass.swift */ = {isa = PBXFileReference; lastKnownFileType = sourcecode.swift; path = "User+CoreDataClass.swift"; sourceTree = "<group>"; };
		7B59DFC327BB61BB0007789B /* User+CoreDataProperties.swift */ = {isa = PBXFileReference; lastKnownFileType = sourcecode.swift; path = "User+CoreDataProperties.swift"; sourceTree = "<group>"; };
/* End PBXFileReference section */

/* Begin PBXFrameworksBuildPhase section */
		7B59DF6D27BB365A0007789B /* Frameworks */ = {
			isa = PBXFrameworksBuildPhase;
			buildActionMask = 2147483647;
			files = (
				7B59DFB227BB3F950007789B /* Alamofire in Frameworks */,
			);
			runOnlyForDeploymentPostprocessing = 0;
		};
		7B59DF8627BB365C0007789B /* Frameworks */ = {
			isa = PBXFrameworksBuildPhase;
			buildActionMask = 2147483647;
			files = (
			);
			runOnlyForDeploymentPostprocessing = 0;
		};
		7B59DF9027BB365C0007789B /* Frameworks */ = {
			isa = PBXFrameworksBuildPhase;
			buildActionMask = 2147483647;
			files = (
			);
			runOnlyForDeploymentPostprocessing = 0;
		};
/* End PBXFrameworksBuildPhase section */

/* Begin PBXGroup section */
		7B59DF6727BB365A0007789B = {
			isa = PBXGroup;
			children = (
				7B59DFC227BB61BB0007789B /* User+CoreDataClass.swift */,
				7B59DFC327BB61BB0007789B /* User+CoreDataProperties.swift */,
				7B59DF7227BB365A0007789B /* Danamon-App */,
				7B59DF8C27BB365C0007789B /* Danamon-AppTests */,
				7B59DF9627BB365C0007789B /* Danamon-AppUITests */,
				7B59DF7127BB365A0007789B /* Products */,
			);
			sourceTree = "<group>";
		};
		7B59DF7127BB365A0007789B /* Products */ = {
			isa = PBXGroup;
			children = (
				7B59DF7027BB365A0007789B /* Danamon-App.app */,
				7B59DF8927BB365C0007789B /* Danamon-AppTests.xctest */,
				7B59DF9327BB365C0007789B /* Danamon-AppUITests.xctest */,
			);
			name = Products;
			sourceTree = "<group>";
		};
		7B59DF7227BB365A0007789B /* Danamon-App */ = {
			isa = PBXGroup;
			children = (
				7B59DF7327BB365A0007789B /* AppDelegate.swift */,
				7B59DF7527BB365A0007789B /* SceneDelegate.swift */,
				7B59DF7727BB365A0007789B /* ViewController.swift */,
				7B59DF7927BB365A0007789B /* Main.storyboard */,
				7B59DFB527BB42C00007789B /* HomeTableViewCell.swift */,
				7B59DFB327BB41F00007789B /* HomeTableViewController.swift */,
				7B59DFA827BB387C0007789B /* RegisterViewController.swift */,
				7B59DFAE27BB3F2B0007789B /* LoginViewModel.swift */,
				7B59DFAC27BB398F0007789B /* RegisterViewModel.swift */,
				7B59DFA627BB37280007789B /* LoginViewController.swift */,
				7B59DF7F27BB365C0007789B /* Assets.xcassets */,
				7B59DF8127BB365C0007789B /* LaunchScreen.storyboard */,
				7B59DF8427BB365C0007789B /* Info.plist */,
				7B59DF7C27BB365A0007789B /* Danamon_App.xcdatamodeld */,
				7B59DFB727BB435D0007789B /* Photo.swift */,
				7B59DFB927BB43690007789B /* HomeViewModel.swift */,
				7B59DFBB27BB437C0007789B /* Box.swift */,
			);
			path = "Danamon-App";
			sourceTree = "<group>";
		};
		7B59DF8C27BB365C0007789B /* Danamon-AppTests */ = {
			isa = PBXGroup;
			children = (
				7B59DF8D27BB365C0007789B /* Danamon_AppTests.swift */,
			);
			path = "Danamon-AppTests";
			sourceTree = "<group>";
		};
		7B59DF9627BB365C0007789B /* Danamon-AppUITests */ = {
			isa = PBXGroup;
			children = (
				7B59DF9727BB365C0007789B /* Danamon_AppUITests.swift */,
				7B59DF9927BB365C0007789B /* Danamon_AppUITestsLaunchTests.swift */,
			);
			path = "Danamon-AppUITests";
			sourceTree = "<group>";
		};
/* End PBXGroup section */

/* Begin PBXNativeTarget section */
		7B59DF6F27BB365A0007789B /* Danamon-App */ = {
			isa = PBXNativeTarget;
			buildConfigurationList = 7B59DF9D27BB365C0007789B /* Build configuration list for PBXNativeTarget "Danamon-App" */;
			buildPhases = (
				7B59DF6C27BB365A0007789B /* Sources */,
				7B59DF6D27BB365A0007789B /* Frameworks */,
				7B59DF6E27BB365A0007789B /* Resources */,
			);
			buildRules = (
			);
			dependencies = (
			);
			name = "Danamon-App";
			packageProductDependencies = (
				7B59DFB127BB3F950007789B /* Alamofire */,
			);
			productName = "Danamon-App";
			productReference = 7B59DF7027BB365A0007789B /* Danamon-App.app */;
			productType = "com.apple.product-type.application";
		};
		7B59DF8827BB365C0007789B /* Danamon-AppTests */ = {
			isa = PBXNativeTarget;
			buildConfigurationList = 7B59DFA027BB365C0007789B /* Build configuration list for PBXNativeTarget "Danamon-AppTests" */;
			buildPhases = (
				7B59DF8527BB365C0007789B /* Sources */,
				7B59DF8627BB365C0007789B /* Frameworks */,
				7B59DF8727BB365C0007789B /* Resources */,
			);
			buildRules = (
			);
			dependencies = (
				7B59DF8B27BB365C0007789B /* PBXTargetDependency */,
			);
			name = "Danamon-AppTests";
			productName = "Danamon-AppTests";
			productReference = 7B59DF8927BB365C0007789B /* Danamon-AppTests.xctest */;
			productType = "com.apple.product-type.bundle.unit-test";
		};
		7B59DF9227BB365C0007789B /* Danamon-AppUITests */ = {
			isa = PBXNativeTarget;
			buildConfigurationList = 7B59DFA327BB365C0007789B /* Build configuration list for PBXNativeTarget "Danamon-AppUITests" */;
			buildPhases = (
				7B59DF8F27BB365C0007789B /* Sources */,
				7B59DF9027BB365C0007789B /* Frameworks */,
				7B59DF9127BB365C0007789B /* Resources */,
			);
			buildRules = (
			);
			dependencies = (
				7B59DF9527BB365C0007789B /* PBXTargetDependency */,
			);
			name = "Danamon-AppUITests";
			productName = "Danamon-AppUITests";
			productReference = 7B59DF9327BB365C0007789B /* Danamon-AppUITests.xctest */;
			productType = "com.apple.product-type.bundle.ui-testing";
		};
/* End PBXNativeTarget section */

/* Begin PBXProject section */
		7B59DF6827BB365A0007789B /* Project object */ = {
			isa = PBXProject;
			attributes = {
				BuildIndependentTargetsInParallel = 1;
				LastSwiftUpdateCheck = 1320;
				LastUpgradeCheck = 1320;
				TargetAttributes = {
					7B59DF6F27BB365A0007789B = {
						CreatedOnToolsVersion = 13.2.1;
					};
					7B59DF8827BB365C0007789B = {
						CreatedOnToolsVersion = 13.2.1;
						TestTargetID = 7B59DF6F27BB365A0007789B;
					};
					7B59DF9227BB365C0007789B = {
						CreatedOnToolsVersion = 13.2.1;
						TestTargetID = 7B59DF6F27BB365A0007789B;
					};
				};
			};
			buildConfigurationList = 7B59DF6B27BB365A0007789B /* Build configuration list for PBXProject "Danamon-App" */;
			compatibilityVersion = "Xcode 13.0";
			developmentRegion = en;
			hasScannedForEncodings = 0;
			knownRegions = (
				en,
				Base,
			);
			mainGroup = 7B59DF6727BB365A0007789B;
			packageReferences = (
				7B59DFB027BB3F950007789B /* XCRemoteSwiftPackageReference "Alamofire" */,
			);
			productRefGroup = 7B59DF7127BB365A0007789B /* Products */;
			projectDirPath = "";
			projectRoot = "";
			targets = (
				7B59DF6F27BB365A0007789B /* Danamon-App */,
				7B59DF8827BB365C0007789B /* Danamon-AppTests */,
				7B59DF9227BB365C0007789B /* Danamon-AppUITests */,
			);
		};
/* End PBXProject section */

/* Begin PBXResourcesBuildPhase section */
		7B59DF6E27BB365A0007789B /* Resources */ = {
			isa = PBXResourcesBuildPhase;
			buildActionMask = 2147483647;
			files = (
				7B59DF8327BB365C0007789B /* LaunchScreen.storyboard in Resources */,
				7B59DF8027BB365C0007789B /* Assets.xcassets in Resources */,
				7B59DF7B27BB365A0007789B /* Main.storyboard in Resources */,
			);
			runOnlyForDeploymentPostprocessing = 0;
		};
		7B59DF8727BB365C0007789B /* Resources */ = {
			isa = PBXResourcesBuildPhase;
			buildActionMask = 2147483647;
			files = (
			);
			runOnlyForDeploymentPostprocessing = 0;
		};
		7B59DF9127BB365C0007789B /* Resources */ = {
			isa = PBXResourcesBuildPhase;
			buildActionMask = 2147483647;
			files = (
			);
			runOnlyForDeploymentPostprocessing = 0;
		};
/* End PBXResourcesBuildPhase section */

/* Begin PBXSourcesBuildPhase section */
		7B59DF6C27BB365A0007789B /* Sources */ = {
			isa = PBXSourcesBuildPhase;
			buildActionMask = 2147483647;
			files = (
				7B59DF7827BB365A0007789B /* ViewController.swift in Sources */,
				7B59DF7427BB365A0007789B /* AppDelegate.swift in Sources */,
				7B59DFC527BB61BB0007789B /* User+CoreDataProperties.swift in Sources */,
				7B59DFAD27BB398F0007789B /* RegisterViewModel.swift in Sources */,
				7B59DF7E27BB365A0007789B /* Danamon_App.xcdatamodeld in Sources */,
				7B59DFAF27BB3F2B0007789B /* LoginViewModel.swift in Sources */,
				7B59DFA927BB387C0007789B /* RegisterViewController.swift in Sources */,
				7B59DFBC27BB437C0007789B /* Box.swift in Sources */,
				7B59DFB627BB42C00007789B /* HomeTableViewCell.swift in Sources */,
				7B59DFBA27BB43690007789B /* HomeViewModel.swift in Sources */,
				7B59DFB827BB435D0007789B /* Photo.swift in Sources */,
				7B59DFB427BB41F00007789B /* HomeTableViewController.swift in Sources */,
				7B59DFA727BB37280007789B /* LoginViewController.swift in Sources */,
				7B59DF7627BB365A0007789B /* SceneDelegate.swift in Sources */,
				7B59DFC427BB61BB0007789B /* User+CoreDataClass.swift in Sources */,
			);
			runOnlyForDeploymentPostprocessing = 0;
		};
		7B59DF8527BB365C0007789B /* Sources */ = {
			isa = PBXSourcesBuildPhase;
			buildActionMask = 2147483647;
			files = (
				7B59DF8E27BB365C0007789B /* Danamon_AppTests.swift in Sources */,
			);
			runOnlyForDeploymentPostprocessing = 0;
		};
		7B59DF8F27BB365C0007789B /* Sources */ = {
			isa = PBXSourcesBuildPhase;
			buildActionMask = 2147483647;
			files = (
				7B59DF9827BB365C0007789B /* Danamon_AppUITests.swift in Sources */,
				7B59DF9A27BB365C0007789B /* Danamon_AppUITestsLaunchTests.swift in Sources */,
			);
			runOnlyForDeploymentPostprocessing = 0;
		};
/* End PBXSourcesBuildPhase section */

/* Begin PBXTargetDependency section */
		7B59DF8B27BB365C0007789B /* PBXTargetDependency */ = {
			isa = PBXTargetDependency;
			target = 7B59DF6F27BB365A0007789B /* Danamon-App */;
			targetProxy = 7B59DF8A27BB365C0007789B /* PBXContainerItemProxy */;
		};
		7B59DF9527BB365C0007789B /* PBXTargetDependency */ = {
			isa = PBXTargetDependency;
			target = 7B59DF6F27BB365A0007789B /* Danamon-App */;
			targetProxy = 7B59DF9427BB365C0007789B /* PBXContainerItemProxy */;
		};
/* End PBXTargetDependency section */

/* Begin PBXVariantGroup section */
		7B59DF7927BB365A0007789B /* Main.storyboard */ = {
			isa = PBXVariantGroup;
			children = (
				7B59DF7A27BB365A0007789B /* Base */,
			);
			name = Main.storyboard;
			sourceTree = "<group>";
		};
		7B59DF8127BB365C0007789B /* LaunchScreen.storyboard */ = {
			isa = PBXVariantGroup;
			children = (
				7B59DF8227BB365C0007789B /* Base */,
			);
			name = LaunchScreen.storyboard;
			sourceTree = "<group>";
		};
/* End PBXVariantGroup section */

/* Begin XCBuildConfiguration section */
		7B59DF9B27BB365C0007789B /* Debug */ = {
			isa = XCBuildConfiguration;
			buildSettings = {
				ALWAYS_SEARCH_USER_PATHS = NO;
				CLANG_ANALYZER_NONNULL = YES;
				CLANG_ANALYZER_NUMBER_OBJECT_CONVERSION = YES_AGGRESSIVE;
				CLANG_CXX_LANGUAGE_STANDARD = "gnu++17";
				CLANG_CXX_LIBRARY = "libc++";
				CLANG_ENABLE_MODULES = YES;
				CLANG_ENABLE_OBJC_ARC = YES;
				CLANG_ENABLE_OBJC_WEAK = YES;
				CLANG_WARN_BLOCK_CAPTURE_AUTORELEASING = YES;
				CLANG_WARN_BOOL_CONVERSION = YES;
				CLANG_WARN_COMMA = YES;
				CLANG_WARN_CONSTANT_CONVERSION = YES;
				CLANG_WARN_DEPRECATED_OBJC_IMPLEMENTATIONS = YES;
				CLANG_WARN_DIRECT_OBJC_ISA_USAGE = YES_ERROR;
				CLANG_WARN_DOCUMENTATION_COMMENTS = YES;
				CLANG_WARN_EMPTY_BODY = YES;
				CLANG_WARN_ENUM_CONVERSION = YES;
				CLANG_WARN_INFINITE_RECURSION = YES;
				CLANG_WARN_INT_CONVERSION = YES;
				CLANG_WARN_NON_LITERAL_NULL_CONVERSION = YES;
				CLANG_WARN_OBJC_IMPLICIT_RETAIN_SELF = YES;
				CLANG_WARN_OBJC_LITERAL_CONVERSION = YES;
				CLANG_WARN_OBJC_ROOT_CLASS = YES_ERROR;
				CLANG_WARN_QUOTED_INCLUDE_IN_FRAMEWORK_HEADER = YES;
				CLANG_WARN_RANGE_LOOP_ANALYSIS = YES;
				CLANG_WARN_STRICT_PROTOTYPES = YES;
				CLANG_WARN_SUSPICIOUS_MOVE = YES;
				CLANG_WARN_UNGUARDED_AVAILABILITY = YES_AGGRESSIVE;
				CLANG_WARN_UNREACHABLE_CODE = YES;
				CLANG_WARN__DUPLICATE_METHOD_MATCH = YES;
				COPY_PHASE_STRIP = NO;
				DEBUG_INFORMATION_FORMAT = dwarf;
				ENABLE_STRICT_OBJC_MSGSEND = YES;
				ENABLE_TESTABILITY = YES;
				GCC_C_LANGUAGE_STANDARD = gnu11;
				GCC_DYNAMIC_NO_PIC = NO;
				GCC_NO_COMMON_BLOCKS = YES;
				GCC_OPTIMIZATION_LEVEL = 0;
				GCC_PREPROCESSOR_DEFINITIONS = (
					"DEBUG=1",
					"$(inherited)",
				);
				GCC_WARN_64_TO_32_BIT_CONVERSION = YES;
				GCC_WARN_ABOUT_RETURN_TYPE = YES_ERROR;
				GCC_WARN_UNDECLARED_SELECTOR = YES;
				GCC_WARN_UNINITIALIZED_AUTOS = YES_AGGRESSIVE;
				GCC_WARN_UNUSED_FUNCTION = YES;
				GCC_WARN_UNUSED_VARIABLE = YES;
				IPHONEOS_DEPLOYMENT_TARGET = 15.2;
				MTL_ENABLE_DEBUG_INFO = INCLUDE_SOURCE;
				MTL_FAST_MATH = YES;
				ONLY_ACTIVE_ARCH = YES;
				SDKROOT = iphoneos;
				SWIFT_ACTIVE_COMPILATION_CONDITIONS = DEBUG;
				SWIFT_OPTIMIZATION_LEVEL = "-Onone";
			};
			name = Debug;
		};
		7B59DF9C27BB365C0007789B /* Release */ = {
			isa = XCBuildConfiguration;
			buildSettings = {
				ALWAYS_SEARCH_USER_PATHS = NO;
				CLANG_ANALYZER_NONNULL = YES;
				CLANG_ANALYZER_NUMBER_OBJECT_CONVERSION = YES_AGGRESSIVE;
				CLANG_CXX_LANGUAGE_STANDARD = "gnu++17";
				CLANG_CXX_LIBRARY = "libc++";
				CLANG_ENABLE_MODULES = YES;
				CLANG_ENABLE_OBJC_ARC = YES;
				CLANG_ENABLE_OBJC_WEAK = YES;
				CLANG_WARN_BLOCK_CAPTURE_AUTORELEASING = YES;
				CLANG_WARN_BOOL_CONVERSION = YES;
				CLANG_WARN_COMMA = YES;
				CLANG_WARN_CONSTANT_CONVERSION = YES;
				CLANG_WARN_DEPRECATED_OBJC_IMPLEMENTATIONS = YES;
				CLANG_WARN_DIRECT_OBJC_ISA_USAGE = YES_ERROR;
				CLANG_WARN_DOCUMENTATION_COMMENTS = YES;
				CLANG_WARN_EMPTY_BODY = YES;
				CLANG_WARN_ENUM_CONVERSION = YES;
				CLANG_WARN_INFINITE_RECURSION = YES;
				CLANG_WARN_INT_CONVERSION = YES;
				CLANG_WARN_NON_LITERAL_NULL_CONVERSION = YES;
				CLANG_WARN_OBJC_IMPLICIT_RETAIN_SELF = YES;
				CLANG_WARN_OBJC_LITERAL_CONVERSION = YES;
				CLANG_WARN_OBJC_ROOT_CLASS = YES_ERROR;
				CLANG_WARN_QUOTED_INCLUDE_IN_FRAMEWORK_HEADER = YES;
				CLANG_WARN_RANGE_LOOP_ANALYSIS = YES;
				CLANG_WARN_STRICT_PROTOTYPES = YES;
				CLANG_WARN_SUSPICIOUS_MOVE = YES;
				CLANG_WARN_UNGUARDED_AVAILABILITY = YES_AGGRESSIVE;
				CLANG_WARN_UNREACHABLE_CODE = YES;
				CLANG_WARN__DUPLICATE_METHOD_MATCH = YES;
				COPY_PHASE_STRIP = NO;
				DEBUG_INFORMATION_FORMAT = "dwarf-with-dsym";
				ENABLE_NS_ASSERTIONS = NO;
				ENABLE_STRICT_OBJC_MSGSEND = YES;
				GCC_C_LANGUAGE_STANDARD = gnu11;
				GCC_NO_COMMON_BLOCKS = YES;
				GCC_WARN_64_TO_32_BIT_CONVERSION = YES;
				GCC_WARN_ABOUT_RETURN_TYPE = YES_ERROR;
				GCC_WARN_UNDECLARED_SELECTOR = YES;
				GCC_WARN_UNINITIALIZED_AUTOS = YES_AGGRESSIVE;
				GCC_WARN_UNUSED_FUNCTION = YES;
				GCC_WARN_UNUSED_VARIABLE = YES;
				IPHONEOS_DEPLOYMENT_TARGET = 15.2;
				MTL_ENABLE_DEBUG_INFO = NO;
				MTL_FAST_MATH = YES;
				SDKROOT = iphoneos;
				SWIFT_COMPILATION_MODE = wholemodule;
				SWIFT_OPTIMIZATION_LEVEL = "-O";
				VALIDATE_PRODUCT = YES;
			};
			name = Release;
		};
		7B59DF9E27BB365C0007789B /* Debug */ = {
			isa = XCBuildConfiguration;
			buildSettings = {
				ASSETCATALOG_COMPILER_APPICON_NAME = AppIcon;
				ASSETCATALOG_COMPILER_GLOBAL_ACCENT_COLOR_NAME = AccentColor;
				CODE_SIGN_STYLE = Automatic;
				CURRENT_PROJECT_VERSION = 1;
				DEVELOPMENT_TEAM = GJG99KM9R2;
				GENERATE_INFOPLIST_FILE = YES;
				INFOPLIST_FILE = "Danamon-App/Info.plist";
				INFOPLIST_KEY_UIApplicationSupportsIndirectInputEvents = YES;
				INFOPLIST_KEY_UILaunchStoryboardName = LaunchScreen;
				INFOPLIST_KEY_UIMainStoryboardFile = Main;
				INFOPLIST_KEY_UISupportedInterfaceOrientations_iPad = "UIInterfaceOrientationPortrait UIInterfaceOrientationPortraitUpsideDown UIInterfaceOrientationLandscapeLeft UIInterfaceOrientationLandscapeRight";
				INFOPLIST_KEY_UISupportedInterfaceOrientations_iPhone = "UIInterfaceOrientationPortrait UIInterfaceOrientationLandscapeLeft UIInterfaceOrientationLandscapeRight";
				LD_RUNPATH_SEARCH_PATHS = (
					"$(inherited)",
					"@executable_path/Frameworks",
				);
				MARKETING_VERSION = 1.0;
				PRODUCT_BUNDLE_IDENTIFIER = "com.ricky.Danamon-App";
				PRODUCT_NAME = "$(TARGET_NAME)";
				SWIFT_EMIT_LOC_STRINGS = YES;
				SWIFT_VERSION = 5.0;
				TARGETED_DEVICE_FAMILY = "1,2";
			};
			name = Debug;
		};
		7B59DF9F27BB365C0007789B /* Release */ = {
			isa = XCBuildConfiguration;
			buildSettings = {
				ASSETCATALOG_COMPILER_APPICON_NAME = AppIcon;
				ASSETCATALOG_COMPILER_GLOBAL_ACCENT_COLOR_NAME = AccentColor;
				CODE_SIGN_STYLE = Automatic;
				CURRENT_PROJECT_VERSION = 1;
				DEVELOPMENT_TEAM = GJG99KM9R2;
				GENERATE_INFOPLIST_FILE = YES;
				INFOPLIST_FILE = "Danamon-App/Info.plist";
				INFOPLIST_KEY_UIApplicationSupportsIndirectInputEvents = YES;
				INFOPLIST_KEY_UILaunchStoryboardName = LaunchScreen;
				INFOPLIST_KEY_UIMainStoryboardFile = Main;
				INFOPLIST_KEY_UISupportedInterfaceOrientations_iPad = "UIInterfaceOrientationPortrait UIInterfaceOrientationPortraitUpsideDown UIInterfaceOrientationLandscapeLeft UIInterfaceOrientationLandscapeRight";
				INFOPLIST_KEY_UISupportedInterfaceOrientations_iPhone = "UIInterfaceOrientationPortrait UIInterfaceOrientationLandscapeLeft UIInterfaceOrientationLandscapeRight";
				LD_RUNPATH_SEARCH_PATHS = (
					"$(inherited)",
					"@executable_path/Frameworks",
				);
				MARKETING_VERSION = 1.0;
				PRODUCT_BUNDLE_IDENTIFIER = "com.ricky.Danamon-App";
				PRODUCT_NAME = "$(TARGET_NAME)";
				SWIFT_EMIT_LOC_STRINGS = YES;
				SWIFT_VERSION = 5.0;
				TARGETED_DEVICE_FAMILY = "1,2";
			};
			name = Release;
		};
		7B59DFA127BB365C0007789B /* Debug */ = {
			isa = XCBuildConfiguration;
			buildSettings = {
				ALWAYS_EMBED_SWIFT_STANDARD_LIBRARIES = YES;
				BUNDLE_LOADER = "$(TEST_HOST)";
				CODE_SIGN_STYLE = Automatic;
				CURRENT_PROJECT_VERSION = 1;
				DEVELOPMENT_TEAM = GJG99KM9R2;
				GENERATE_INFOPLIST_FILE = YES;
				IPHONEOS_DEPLOYMENT_TARGET = 15.2;
				MARKETING_VERSION = 1.0;
				PRODUCT_BUNDLE_IDENTIFIER = "com.ricky.Danamon-AppTests";
				PRODUCT_NAME = "$(TARGET_NAME)";
				SWIFT_EMIT_LOC_STRINGS = NO;
				SWIFT_VERSION = 5.0;
				TARGETED_DEVICE_FAMILY = "1,2";
				TEST_HOST = "$(BUILT_PRODUCTS_DIR)/Danamon-App.app/Danamon-App";
			};
			name = Debug;
		};
		7B59DFA227BB365C0007789B /* Release */ = {
			isa = XCBuildConfiguration;
			buildSettings = {
				ALWAYS_EMBED_SWIFT_STANDARD_LIBRARIES = YES;
				BUNDLE_LOADER = "$(TEST_HOST)";
				CODE_SIGN_STYLE = Automatic;
				CURRENT_PROJECT_VERSION = 1;
				DEVELOPMENT_TEAM = GJG99KM9R2;
				GENERATE_INFOPLIST_FILE = YES;
				IPHONEOS_DEPLOYMENT_TARGET = 15.2;
				MARKETING_VERSION = 1.0;
				PRODUCT_BUNDLE_IDENTIFIER = "com.ricky.Danamon-AppTests";
				PRODUCT_NAME = "$(TARGET_NAME)";
				SWIFT_EMIT_LOC_STRINGS = NO;
				SWIFT_VERSION = 5.0;
				TARGETED_DEVICE_FAMILY = "1,2";
				TEST_HOST = "$(BUILT_PRODUCTS_DIR)/Danamon-App.app/Danamon-App";
			};
			name = Release;
		};
		7B59DFA427BB365C0007789B /* Debug */ = {
			isa = XCBuildConfiguration;
			buildSettings = {
				ALWAYS_EMBED_SWIFT_STANDARD_LIBRARIES = YES;
				CODE_SIGN_STYLE = Automatic;
				CURRENT_PROJECT_VERSION = 1;
				DEVELOPMENT_TEAM = GJG99KM9R2;
				GENERATE_INFOPLIST_FILE = YES;
				MARKETING_VERSION = 1.0;
				PRODUCT_BUNDLE_IDENTIFIER = "com.ricky.Danamon-AppUITests";
				PRODUCT_NAME = "$(TARGET_NAME)";
				SWIFT_EMIT_LOC_STRINGS = NO;
				SWIFT_VERSION = 5.0;
				TARGETED_DEVICE_FAMILY = "1,2";
				TEST_TARGET_NAME = "Danamon-App";
			};
			name = Debug;
		};
		7B59DFA527BB365C0007789B /* Release */ = {
			isa = XCBuildConfiguration;
			buildSettings = {
				ALWAYS_EMBED_SWIFT_STANDARD_LIBRARIES = YES;
				CODE_SIGN_STYLE = Automatic;
				CURRENT_PROJECT_VERSION = 1;
				DEVELOPMENT_TEAM = GJG99KM9R2;
				GENERATE_INFOPLIST_FILE = YES;
				MARKETING_VERSION = 1.0;
				PRODUCT_BUNDLE_IDENTIFIER = "com.ricky.Danamon-AppUITests";
				PRODUCT_NAME = "$(TARGET_NAME)";
				SWIFT_EMIT_LOC_STRINGS = NO;
				SWIFT_VERSION = 5.0;
				TARGETED_DEVICE_FAMILY = "1,2";
				TEST_TARGET_NAME = "Danamon-App";
			};
			name = Release;
		};
/* End XCBuildConfiguration section */

/* Begin XCConfigurationList section */
		7B59DF6B27BB365A0007789B /* Build configuration list for PBXProject "Danamon-App" */ = {
			isa = XCConfigurationList;
			buildConfigurations = (
				7B59DF9B27BB365C0007789B /* Debug */,
				7B59DF9C27BB365C0007789B /* Release */,
			);
			defaultConfigurationIsVisible = 0;
			defaultConfigurationName = Release;
		};
		7B59DF9D27BB365C0007789B /* Build configuration list for PBXNativeTarget "Danamon-App" */ = {
			isa = XCConfigurationList;
			buildConfigurations = (
				7B59DF9E27BB365C0007789B /* Debug */,
				7B59DF9F27BB365C0007789B /* Release */,
			);
			defaultConfigurationIsVisible = 0;
			defaultConfigurationName = Release;
		};
		7B59DFA027BB365C0007789B /* Build configuration list for PBXNativeTarget "Danamon-AppTests" */ = {
			isa = XCConfigurationList;
			buildConfigurations = (
				7B59DFA127BB365C0007789B /* Debug */,
				7B59DFA227BB365C0007789B /* Release */,
			);
			defaultConfigurationIsVisible = 0;
			defaultConfigurationName = Release;
		};
		7B59DFA327BB365C0007789B /* Build configuration list for PBXNativeTarget "Danamon-AppUITests" */ = {
			isa = XCConfigurationList;
			buildConfigurations = (
				7B59DFA427BB365C0007789B /* Debug */,
				7B59DFA527BB365C0007789B /* Release */,
			);
			defaultConfigurationIsVisible = 0;
			defaultConfigurationName = Release;
		};
/* End XCConfigurationList section */

/* Begin XCRemoteSwiftPackageReference section */
		7B59DFB027BB3F950007789B /* XCRemoteSwiftPackageReference "Alamofire" */ = {
			isa = XCRemoteSwiftPackageReference;
			repositoryURL = "https://github.com/Alamofire/Alamofire";
			requirement = {
				branch = master;
				kind = branch;
			};
		};
/* End XCRemoteSwiftPackageReference section */

/* Begin XCSwiftPackageProductDependency section */
		7B59DFB127BB3F950007789B /* Alamofire */ = {
			isa = XCSwiftPackageProductDependency;
			package = 7B59DFB027BB3F950007789B /* XCRemoteSwiftPackageReference "Alamofire" */;
			productName = Alamofire;
		};
/* End XCSwiftPackageProductDependency section */

/* Begin XCVersionGroup section */
		7B59DF7C27BB365A0007789B /* Danamon_App.xcdatamodeld */ = {
			isa = XCVersionGroup;
			children = (
				7B59DF7D27BB365A0007789B /* Danamon_App.xcdatamodel */,
			);
			currentVersion = 7B59DF7D27BB365A0007789B /* Danamon_App.xcdatamodel */;
			path = Danamon_App.xcdatamodeld;
			sourceTree = "<group>";
			versionGroupType = wrapper.xcdatamodel;
		};
/* End XCVersionGroup section */
	};
	rootObject = 7B59DF6827BB365A0007789B /* Project object */;
}
